schema: '2.0'
stages:
  get_data:
    cmd: python get_data.py
    deps:
    - path: get_data.py
      md5: 7b4b93c0682abd1059f05f44cfc303a5
      size: 531
    - path: scripts/get_data.sh
      md5: 2c86dc8c12a6fbfbe2203ea14a03a5aa
      size: 506
    outs:
    - path: data/data_raw/data_raw.csv
      md5: 5bf588c5a949443e021fb7c847d31b27
      size: 16855599
  preprocessing:
    cmd: python preprocessing.py
    deps:
    - path: data/data_raw/data_raw.csv
      md5: 5bf588c5a949443e021fb7c847d31b27
      size: 16855599
    - path: preprocessing.py
      md5: 63f7ce31c283915f29b403e411370f85
      size: 2811
    outs:
    - path: data/data_processed/data_processed.csv
      md5: 434b02140ca4f5f7abfdc8fec0c16596
      size: 19249358
  train:
    cmd: python src/train.py
    deps:
    - path: data/data_processed/data_processed.csv
      md5: 434b02140ca4f5f7abfdc8fec0c16596
      size: 19249358
    - path: src/train.py
      md5: 7273d7bdcf31d3b43b7464a6a239d111
      size: 6784
    outs:
    - path: reports/images/confusion_matrix.png
      md5: 2799090d61b49e0dcc94b796874d5935
      size: 30734
    - path: reports/metrics/metrics.json
      md5: 673ae34320a2eb895fe8ceaf60bbdf1d
      size: 47
  processing:
    cmd: python src/preprocessing.py
    deps:
    - path: data/data_raw/data_raw.csv
      md5: 5bf588c5a949443e021fb7c847d31b27
      size: 16855599
    - path: src/preprocessing.py
      md5: f3296ed4481c05ebf7c8a8285bf86be9
      size: 2934
    outs:
    - path: data/data_processed/data_processed.csv
      md5: 434b02140ca4f5f7abfdc8fec0c16596
      size: 19249358
